
Microsoft Visual Studio Solution File, Format Version 12.00
# Visual Studio 15
VisualStudioVersion = 15.0.28307.902
MinimumVisualStudioVersion = 10.0.40219.1
Project("{FAE04EC0-301F-11D3-BF4B-00C04F79EFBC}") = "SoapClient", "SoapClient\SoapClient.csproj", "{B37A65B0-CFB5-4E41-B38E-800CF5230A6C}"
EndProject
Project("{FAE04EC0-301F-11D3-BF4B-00C04F79EFBC}") = "Contracts", "Contracts\Contracts.csproj", "{DACF7364-5773-4653-9056-5FEB6ACD8BAD}"
EndProject
Global
	GlobalSection(SolutionConfigurationPlatforms) = preSolution
		Debug|Any CPU = Debug|Any CPU
		Release|Any CPU = Release|Any CPU
	EndGlobalSection
	GlobalSection(ProjectConfigurationPlatforms) = postSolution
		{B37A65B0-CFB5-4E41-B38E-800CF5230A6C}.Debug|Any CPU.ActiveCfg = Debug|Any CPU
		{B37A65B0-CFB5-4E41-B38E-800CF5230A6C}.Debug|Any CPU.Build.0 = Debug|Any CPU
		{B37A65B0-CFB5-4E41-B38E-800CF5230A6C}.Release|Any CPU.ActiveCfg = Release|Any CPU
		{B37A65B0-CFB5-4E41-B38E-800CF5230A6C}.Release|Any CPU.Build.0 = Release|Any CPU
		{DACF7364-5773-4653-9056-5FEB6ACD8BAD}.Debug|Any CPU.ActiveCfg = Debug|Any CPU
		{DACF7364-5773-4653-9056-5FEB6ACD8BAD}.Debug|Any CPU.Build.0 = Debug|Any CPU
		{DACF7364-5773-4653-9056-5FEB6ACD8BAD}.Release|Any CPU.ActiveCfg = Release|Any CPU
		{DACF7364-5773-4653-9056-5FEB6ACD8BAD}.Release|Any CPU.Build.0 = Release|Any CPU
	EndGlobalSection
	GlobalSection(SolutionProperties) = preSolution
		HideSolutionNode = FALSE
	EndGlobalSection
	GlobalSection(ExtensibilityGlobals) = postSolution
		SolutionGuid = {B56D7730-9C14-4307-ADAB-92E9FBD820C0}
	EndGlobalSection
EndGlobal
